
Microsoft Visual Studio Solution File, Format Version 12.00
# Visual Studio Version 17
VisualStudioVersion = 17.13.35919.96
MinimumVisualStudioVersion = 10.0.40219.1
Project("{FAE04EC0-301F-11D3-BF4B-00C04F79EFBC}") = "MauiBlazorHybrid", "MauiBlazorHybrid\MauiBlazorHybrid.csproj", "{503DCB02-A1DB-418F-A432-16E3D5412C44}"
EndProject
Global
	GlobalSection(SolutionConfigurationPlatforms) = preSolution
		Debug|Any CPU = Debug|Any CPU
		Release|Any CPU = Release|Any CPU
	EndGlobalSection
	GlobalSection(ProjectConfigurationPlatforms) = postSolution
		{503DCB02-A1DB-418F-A432-16E3D5412C44}.Debug|Any CPU.ActiveCfg = Debug|Any CPU
		{503DCB02-A1DB-418F-A432-16E3D5412C44}.Debug|Any CPU.Build.0 = Debug|Any CPU
		{503DCB02-A1DB-418F-A432-16E3D5412C44}.Debug|Any CPU.Deploy.0 = Debug|Any CPU
		{503DCB02-A1DB-418F-A432-16E3D5412C44}.Release|Any CPU.ActiveCfg = Release|Any CPU
		{503DCB02-A1DB-418F-A432-16E3D5412C44}.Release|Any CPU.Build.0 = Release|Any CPU
	EndGlobalSection
	GlobalSection(SolutionProperties) = preSolution
		HideSolutionNode = FALSE
	EndGlobalSection
	GlobalSection(ExtensibilityGlobals) = postSolution
		SolutionGuid = {A75FAFC0-0C2A-4455-8C5B-1FDD74344F3F}
	EndGlobalSection
EndGlobal
