
Microsoft Visual Studio Solution File, Format Version 12.00
# Visual Studio Version 17
VisualStudioVersion = 17.13.35919.96
MinimumVisualStudioVersion = 10.0.40219.1
Project("{FAE04EC0-301F-11D3-BF4B-00C04F79EFBC}") = "MauiBlazorHybrid", "MauiBlazorHybrid\MauiBlazorHybrid.csproj", "{503DCB02-A1DB-418F-A432-16E3D5412C44}"
EndProject
Project("{FAE04EC0-301F-11D3-BF4B-00C04F79EFBC}") = "MauiBlazorHybrid.Core", "MauiBlazorHybrid.Core\MauiBlazorHybrid.Core.csproj", "{31F9875F-C80E-4E81-BBE9-9F72B4937FB0}"
EndProject
Project("{FAE04EC0-301F-11D3-BF4B-00C04F79EFBC}") = "MauiBlazorHybrid.Core.Tests", "MauiBlazorHybrid.Core.Tests\MauiBlazorHybrid.Core.Tests.csproj", "{C6E2C039-9944-41EC-874B-3D916DB9F0CE}"
EndProject
Global
	GlobalSection(SolutionConfigurationPlatforms) = preSolution
		Debug|Any CPU = Debug|Any CPU
		Debug|x64 = Debug|x64
		Debug|x86 = Debug|x86
		Release|Any CPU = Release|Any CPU
		Release|x64 = Release|x64
		Release|x86 = Release|x86
	EndGlobalSection
	GlobalSection(ProjectConfigurationPlatforms) = postSolution
		{503DCB02-A1DB-418F-A432-16E3D5412C44}.Debug|Any CPU.ActiveCfg = Debug|Any CPU
		{503DCB02-A1DB-418F-A432-16E3D5412C44}.Debug|Any CPU.Build.0 = Debug|Any CPU
		{503DCB02-A1DB-418F-A432-16E3D5412C44}.Debug|Any CPU.Deploy.0 = Debug|Any CPU
		{503DCB02-A1DB-418F-A432-16E3D5412C44}.Debug|x64.ActiveCfg = Debug|Any CPU
		{503DCB02-A1DB-418F-A432-16E3D5412C44}.Debug|x64.Build.0 = Debug|Any CPU
		{503DCB02-A1DB-418F-A432-16E3D5412C44}.Debug|x86.ActiveCfg = Debug|Any CPU
		{503DCB02-A1DB-418F-A432-16E3D5412C44}.Debug|x86.Build.0 = Debug|Any CPU
		{503DCB02-A1DB-418F-A432-16E3D5412C44}.Release|Any CPU.ActiveCfg = Release|Any CPU
		{503DCB02-A1DB-418F-A432-16E3D5412C44}.Release|Any CPU.Build.0 = Release|Any CPU
		{503DCB02-A1DB-418F-A432-16E3D5412C44}.Release|x64.ActiveCfg = Release|Any CPU
		{503DCB02-A1DB-418F-A432-16E3D5412C44}.Release|x64.Build.0 = Release|Any CPU
		{503DCB02-A1DB-418F-A432-16E3D5412C44}.Release|x86.ActiveCfg = Release|Any CPU
		{503DCB02-A1DB-418F-A432-16E3D5412C44}.Release|x86.Build.0 = Release|Any CPU
		{31F9875F-C80E-4E81-BBE9-9F72B4937FB0}.Debug|Any CPU.ActiveCfg = Debug|Any CPU
		{31F9875F-C80E-4E81-BBE9-9F72B4937FB0}.Debug|Any CPU.Build.0 = Debug|Any CPU
		{31F9875F-C80E-4E81-BBE9-9F72B4937FB0}.Debug|x64.ActiveCfg = Debug|Any CPU
		{31F9875F-C80E-4E81-BBE9-9F72B4937FB0}.Debug|x64.Build.0 = Debug|Any CPU
		{31F9875F-C80E-4E81-BBE9-9F72B4937FB0}.Debug|x86.ActiveCfg = Debug|Any CPU
		{31F9875F-C80E-4E81-BBE9-9F72B4937FB0}.Debug|x86.Build.0 = Debug|Any CPU
		{31F9875F-C80E-4E81-BBE9-9F72B4937FB0}.Release|Any CPU.ActiveCfg = Release|Any CPU
		{31F9875F-C80E-4E81-BBE9-9F72B4937FB0}.Release|Any CPU.Build.0 = Release|Any CPU
		{31F9875F-C80E-4E81-BBE9-9F72B4937FB0}.Release|x64.ActiveCfg = Release|Any CPU
		{31F9875F-C80E-4E81-BBE9-9F72B4937FB0}.Release|x64.Build.0 = Release|Any CPU
		{31F9875F-C80E-4E81-BBE9-9F72B4937FB0}.Release|x86.ActiveCfg = Release|Any CPU
		{31F9875F-C80E-4E81-BBE9-9F72B4937FB0}.Release|x86.Build.0 = Release|Any CPU
		{C6E2C039-9944-41EC-874B-3D916DB9F0CE}.Debug|Any CPU.ActiveCfg = Debug|Any CPU
		{C6E2C039-9944-41EC-874B-3D916DB9F0CE}.Debug|Any CPU.Build.0 = Debug|Any CPU
		{C6E2C039-9944-41EC-874B-3D916DB9F0CE}.Debug|x64.ActiveCfg = Debug|Any CPU
		{C6E2C039-9944-41EC-874B-3D916DB9F0CE}.Debug|x64.Build.0 = Debug|Any CPU
		{C6E2C039-9944-41EC-874B-3D916DB9F0CE}.Debug|x86.ActiveCfg = Debug|Any CPU
		{C6E2C039-9944-41EC-874B-3D916DB9F0CE}.Debug|x86.Build.0 = Debug|Any CPU
		{C6E2C039-9944-41EC-874B-3D916DB9F0CE}.Release|Any CPU.ActiveCfg = Release|Any CPU
		{C6E2C039-9944-41EC-874B-3D916DB9F0CE}.Release|Any CPU.Build.0 = Release|Any CPU
		{C6E2C039-9944-41EC-874B-3D916DB9F0CE}.Release|x64.ActiveCfg = Release|Any CPU
		{C6E2C039-9944-41EC-874B-3D916DB9F0CE}.Release|x64.Build.0 = Release|Any CPU
		{C6E2C039-9944-41EC-874B-3D916DB9F0CE}.Release|x86.ActiveCfg = Release|Any CPU
		{C6E2C039-9944-41EC-874B-3D916DB9F0CE}.Release|x86.Build.0 = Release|Any CPU
	EndGlobalSection
	GlobalSection(SolutionProperties) = preSolution
		HideSolutionNode = FALSE
	EndGlobalSection
	GlobalSection(ExtensibilityGlobals) = postSolution
		SolutionGuid = {A75FAFC0-0C2A-4455-8C5B-1FDD74344F3F}
	EndGlobalSection
EndGlobal
